schema: '2.0'
stages:
  prepare:
    cmd: python src/prepare.py
    deps:
    - path: src/prepare.py
      hash: md5
      md5: a1cbb11d3bc010058b45c69cc646fe36
      size: 210
    outs:
    - path: data/images
      hash: md5
      md5: edcf3adc979e5ebc257cc498c1522d96.dir
      size: 200054603
      nfiles: 1848
  train:
    cmd: python src/train.py
    deps:
    - path: data/images
      hash: md5
      md5: edcf3adc979e5ebc257cc498c1522d96.dir
      size: 200054603
      nfiles: 1848
    - path: src/train.py
      hash: md5
      md5: 3a0e7d5e97153366c44649b25b985174
      size: 2420
    outs:
    - path: metrics/classification.md
      hash: md5
      md5: c0316d6e947dfc142bd88bd5aad86c77
      size: 358
    - path: metrics/confusion_matrix.png
      hash: md5
      md5: c2156f347991d1d1f3b11befca93a5c9
      size: 14350
    - path: metrics/finetune_results.png
      hash: md5
      md5: 6370d4c8175bc690115cf8e5c61eb6a8
      size: 473147
    - path: metrics/top_losses.png
      hash: md5
      md5: 6a36202c0b88adc78f0e05856317142c
      size: 624660
    - path: models/model.pkl
      hash: md5
      md5: f87e08f8ff7c8c88f36de5da06f14405
      size: 87475838
    - path: models/model.pth
      hash: md5
      md5: 83af64c0824ef5ad27239fcf73d05261
      size: 87391130
  test:
    cmd: python src/test.py
    deps:
    - path: models/model.pkl
      hash: md5
      md5: f87e08f8ff7c8c88f36de5da06f14405
      size: 87475838
    - path: models/model.pth
      hash: md5
      md5: 83af64c0824ef5ad27239fcf73d05261
      size: 87391130
    - path: src/test.py
      hash: md5
      md5: 4b977c83aac726ef2c30f1b44469e8e9
      size: 1273
