schema: '2.0'
stages:
  prepare:
    cmd: python src/prepare.py
    deps:
    - path: src/prepare.py
      hash: md5
      md5: a1cbb11d3bc010058b45c69cc646fe36
      size: 210
    outs:
    - path: data/images
      hash: md5
      md5: edcf3adc979e5ebc257cc498c1522d96.dir
      size: 200054603
      nfiles: 1848
  train:
    cmd: python src/train.py
    deps:
    - path: data/images
      hash: md5
      md5: edcf3adc979e5ebc257cc498c1522d96.dir
      size: 200054603
      nfiles: 1848
    - path: src/train.py
      hash: md5
      md5: d3f1977734df9bbbddbd80aeab0d654f
      size: 2005
    outs:
    - path: metrics/confusion_matrix.png
      hash: md5
      md5: 053fcb2557bd7bbd1a1e55445d946e9e
      size: 14612
    - path: metrics/finetune_results.png
      hash: md5
      md5: 3a0aaf8cea61fe8c0e60f4c20390f223
      size: 495815
    - path: metrics/top_losses.png
      hash: md5
      md5: 0a70c03e689bdf5f3ead4ee45752cd2a
      size: 602503
    - path: models/model.pkl
      hash: md5
      md5: 677669bd2f901c6a90d2747f5df7be84
      size: 87475774
    - path: models/model.pth
      hash: md5
      md5: 80e376a1e7a1321015f4182339f80d70
      size: 87391130
  test:
    cmd: python src/test.py
    deps:
    - path: models/model.pkl
      hash: md5
      md5: 677669bd2f901c6a90d2747f5df7be84
      size: 87475774
    - path: models/model.pth
      hash: md5
      md5: 80e376a1e7a1321015f4182339f80d70
      size: 87391130
    - path: src/test.py
      hash: md5
      md5: 4b977c83aac726ef2c30f1b44469e8e9
      size: 1273
